// !$*UTF8*$!
{
	archiveVersion = 1;
	classes = {
	};
	objectVersion = 52;
	objects = {

/* Begin PBXBuildFile section */
		1E2E1026255843AF000C6EF3 /* AppDelegate.swift in Sources */ = {isa = PBXBuildFile; fileRef = 1E2E1025255843AF000C6EF3 /* AppDelegate.swift */; };
		1E2E1028255843AF000C6EF3 /* SceneDelegate.swift in Sources */ = {isa = PBXBuildFile; fileRef = 1E2E1027255843AF000C6EF3 /* SceneDelegate.swift */; };
		1E2E102A255843AF000C6EF3 /* RootView.swift in Sources */ = {isa = PBXBuildFile; fileRef = 1E2E1029255843AF000C6EF3 /* RootView.swift */; };
		1E2E102C255843B6000C6EF3 /* Assets.xcassets in Resources */ = {isa = PBXBuildFile; fileRef = 1E2E102B255843B6000C6EF3 /* Assets.xcassets */; };
		1E2E102F255843B6000C6EF3 /* Preview Assets.xcassets in Resources */ = {isa = PBXBuildFile; fileRef = 1E2E102E255843B6000C6EF3 /* Preview Assets.xcassets */; };
		1E2E1032255843B6000C6EF3 /* LaunchScreen.storyboard in Resources */ = {isa = PBXBuildFile; fileRef = 1E2E1030255843B6000C6EF3 /* LaunchScreen.storyboard */; };
		1EBD97002558688F0046BB78 /* FoodListView.swift in Sources */ = {isa = PBXBuildFile; fileRef = 1EBD96FF2558688F0046BB78 /* FoodListView.swift */; };
		1EBD970225586FEE0046BB78 /* FoodView.swift in Sources */ = {isa = PBXBuildFile; fileRef = 1EBD970125586FEE0046BB78 /* FoodView.swift */; };
		1EBD9705255937150046BB78 /* BetterSheet in Frameworks */ = {isa = PBXBuildFile; productRef = 1EBD9704255937150046BB78 /* BetterSheet */; };
/* End PBXBuildFile section */

/* Begin PBXFileReference section */
		1E2E1022255843AF000C6EF3 /* SwiftUIApp.app */ = {isa = PBXFileReference; explicitFileType = wrapper.application; includeInIndex = 0; path = SwiftUIApp.app; sourceTree = BUILT_PRODUCTS_DIR; };
		1E2E1025255843AF000C6EF3 /* AppDelegate.swift */ = {isa = PBXFileReference; lastKnownFileType = sourcecode.swift; path = AppDelegate.swift; sourceTree = "<group>"; };
		1E2E1027255843AF000C6EF3 /* SceneDelegate.swift */ = {isa = PBXFileReference; lastKnownFileType = sourcecode.swift; path = SceneDelegate.swift; sourceTree = "<group>"; };
		1E2E1029255843AF000C6EF3 /* RootView.swift */ = {isa = PBXFileReference; lastKnownFileType = sourcecode.swift; path = RootView.swift; sourceTree = "<group>"; };
		1E2E102B255843B6000C6EF3 /* Assets.xcassets */ = {isa = PBXFileReference; lastKnownFileType = folder.assetcatalog; path = Assets.xcassets; sourceTree = "<group>"; };
		1E2E102E255843B6000C6EF3 /* Preview Assets.xcassets */ = {isa = PBXFileReference; lastKnownFileType = folder.assetcatalog; path = "Preview Assets.xcassets"; sourceTree = "<group>"; };
		1E2E1031255843B6000C6EF3 /* Base */ = {isa = PBXFileReference; lastKnownFileType = file.storyboard; name = Base; path = Base.lproj/LaunchScreen.storyboard; sourceTree = "<group>"; };
		1E2E1033255843B6000C6EF3 /* Info.plist */ = {isa = PBXFileReference; lastKnownFileType = text.plist.xml; path = Info.plist; sourceTree = "<group>"; };
		1EBD96FF2558688F0046BB78 /* FoodListView.swift */ = {isa = PBXFileReference; lastKnownFileType = sourcecode.swift; path = FoodListView.swift; sourceTree = "<group>"; };
		1EBD970125586FEE0046BB78 /* FoodView.swift */ = {isa = PBXFileReference; lastKnownFileType = sourcecode.swift; path = FoodView.swift; sourceTree = "<group>"; };
/* End PBXFileReference section */

/* Begin PBXFrameworksBuildPhase section */
		1E2E101F255843AF000C6EF3 /* Frameworks */ = {
			isa = PBXFrameworksBuildPhase;
			buildActionMask = 2147483647;
			files = (
				1EBD9705255937150046BB78 /* BetterSheet in Frameworks */,
			);
			runOnlyForDeploymentPostprocessing = 0;
		};
/* End PBXFrameworksBuildPhase section */

/* Begin PBXGroup section */
		1E2E1019255843AF000C6EF3 = {
			isa = PBXGroup;
			children = (
				1E2E1024255843AF000C6EF3 /* SwiftUIApp */,
				1E2E1023255843AF000C6EF3 /* Products */,
			);
			sourceTree = "<group>";
		};
		1E2E1023255843AF000C6EF3 /* Products */ = {
			isa = PBXGroup;
			children = (
				1E2E1022255843AF000C6EF3 /* SwiftUIApp.app */,
			);
			name = Products;
			sourceTree = "<group>";
		};
		1E2E1024255843AF000C6EF3 /* SwiftUIApp */ = {
			isa = PBXGroup;
			children = (
				1E2E1025255843AF000C6EF3 /* AppDelegate.swift */,
				1E2E1027255843AF000C6EF3 /* SceneDelegate.swift */,
				1E2E1029255843AF000C6EF3 /* RootView.swift */,
				1EBD96FF2558688F0046BB78 /* FoodListView.swift */,
				1EBD970125586FEE0046BB78 /* FoodView.swift */,
				1E2E102B255843B6000C6EF3 /* Assets.xcassets */,
				1E2E1030255843B6000C6EF3 /* LaunchScreen.storyboard */,
				1E2E1033255843B6000C6EF3 /* Info.plist */,
				1E2E102D255843B6000C6EF3 /* Preview Content */,
			);
			path = SwiftUIApp;
			sourceTree = "<group>";
		};
		1E2E102D255843B6000C6EF3 /* Preview Content */ = {
			isa = PBXGroup;
			children = (
				1E2E102E255843B6000C6EF3 /* Preview Assets.xcassets */,
			);
			path = "Preview Content";
			sourceTree = "<group>";
		};
/* End PBXGroup section */

/* Begin PBXNativeTarget section */
		1E2E1021255843AF000C6EF3 /* SwiftUIApp */ = {
			isa = PBXNativeTarget;
			buildConfigurationList = 1E2E1036255843B6000C6EF3 /* Build configuration list for PBXNativeTarget "SwiftUIApp" */;
			buildPhases = (
				1E2E101E255843AF000C6EF3 /* Sources */,
				1E2E101F255843AF000C6EF3 /* Frameworks */,
				1E2E1020255843AF000C6EF3 /* Resources */,
			);
			buildRules = (
			);
			dependencies = (
			);
			name = SwiftUIApp;
			packageProductDependencies = (
				1EBD9704255937150046BB78 /* BetterSheet */,
			);
			productName = SwiftUIApp;
			productReference = 1E2E1022255843AF000C6EF3 /* SwiftUIApp.app */;
			productType = "com.apple.product-type.application";
		};
/* End PBXNativeTarget section */

/* Begin PBXProject section */
		1E2E101A255843AF000C6EF3 /* Project object */ = {
			isa = PBXProject;
			attributes = {
				LastSwiftUpdateCheck = 1160;
				LastUpgradeCheck = 1160;
				ORGANIZATIONNAME = "Айдин Абдурахманов";
				TargetAttributes = {
					1E2E1021255843AF000C6EF3 = {
						CreatedOnToolsVersion = 11.6;
					};
				};
			};
			buildConfigurationList = 1E2E101D255843AF000C6EF3 /* Build configuration list for PBXProject "SwiftUIApp" */;
			compatibilityVersion = "Xcode 9.3";
			developmentRegion = en;
			hasScannedForEncodings = 0;
			knownRegions = (
				en,
				Base,
			);
			mainGroup = 1E2E1019255843AF000C6EF3;
			packageReferences = (
				1EBD9703255937150046BB78 /* XCRemoteSwiftPackageReference "BetterSheet" */,
			);
			productRefGroup = 1E2E1023255843AF000C6EF3 /* Products */;
			projectDirPath = "";
			projectRoot = "";
			targets = (
				1E2E1021255843AF000C6EF3 /* SwiftUIApp */,
			);
		};
/* End PBXProject section */

/* Begin PBXResourcesBuildPhase section */
		1E2E1020255843AF000C6EF3 /* Resources */ = {
			isa = PBXResourcesBuildPhase;
			buildActionMask = 2147483647;
			files = (
				1E2E1032255843B6000C6EF3 /* LaunchScreen.storyboard in Resources */,
				1E2E102F255843B6000C6EF3 /* Preview Assets.xcassets in Resources */,
				1E2E102C255843B6000C6EF3 /* Assets.xcassets in Resources */,
			);
			runOnlyForDeploymentPostprocessing = 0;
		};
/* End PBXResourcesBuildPhase section */

/* Begin PBXSourcesBuildPhase section */
		1E2E101E255843AF000C6EF3 /* Sources */ = {
			isa = PBXSourcesBuildPhase;
			buildActionMask = 2147483647;
			files = (
				1EBD97002558688F0046BB78 /* FoodListView.swift in Sources */,
				1EBD970225586FEE0046BB78 /* FoodView.swift in Sources */,
				1E2E1026255843AF000C6EF3 /* AppDelegate.swift in Sources */,
				1E2E1028255843AF000C6EF3 /* SceneDelegate.swift in Sources */,
				1E2E102A255843AF000C6EF3 /* RootView.swift in Sources */,
			);
			runOnlyForDeploymentPostprocessing = 0;
		};
/* End PBXSourcesBuildPhase section */

/* Begin PBXVariantGroup section */
		1E2E1030255843B6000C6EF3 /* LaunchScreen.storyboard */ = {
			isa = PBXVariantGroup;
			children = (
				1E2E1031255843B6000C6EF3 /* Base */,
			);
			name = LaunchScreen.storyboard;
			sourceTree = "<group>";
		};
/* End PBXVariantGroup section */

/* Begin XCBuildConfiguration section */
		1E2E1034255843B6000C6EF3 /* Debug */ = {
			isa = XCBuildConfiguration;
			buildSettings = {
				ALWAYS_SEARCH_USER_PATHS = NO;
				CLANG_ANALYZER_NONNULL = YES;
				CLANG_ANALYZER_NUMBER_OBJECT_CONVERSION = YES_AGGRESSIVE;
				CLANG_CXX_LANGUAGE_STANDARD = "gnu++14";
				CLANG_CXX_LIBRARY = "libc++";
				CLANG_ENABLE_MODULES = YES;
				CLANG_ENABLE_OBJC_ARC = YES;
				CLANG_ENABLE_OBJC_WEAK = YES;
				CLANG_WARN_BLOCK_CAPTURE_AUTORELEASING = YES;
				CLANG_WARN_BOOL_CONVERSION = YES;
				CLANG_WARN_COMMA = YES;
				CLANG_WARN_CONSTANT_CONVERSION = YES;
				CLANG_WARN_DEPRECATED_OBJC_IMPLEMENTATIONS = YES;
				CLANG_WARN_DIRECT_OBJC_ISA_USAGE = YES_ERROR;
				CLANG_WARN_DOCUMENTATION_COMMENTS = YES;
				CLANG_WARN_EMPTY_BODY = YES;
				CLANG_WARN_ENUM_CONVERSION = YES;
				CLANG_WARN_INFINITE_RECURSION = YES;
				CLANG_WARN_INT_CONVERSION = YES;
				CLANG_WARN_NON_LITERAL_NULL_CONVERSION = YES;
				CLANG_WARN_OBJC_IMPLICIT_RETAIN_SELF = YES;
				CLANG_WARN_OBJC_LITERAL_CONVERSION = YES;
				CLANG_WARN_OBJC_ROOT_CLASS = YES_ERROR;
				CLANG_WARN_RANGE_LOOP_ANALYSIS = YES;
				CLANG_WARN_STRICT_PROTOTYPES = YES;
				CLANG_WARN_SUSPICIOUS_MOVE = YES;
				CLANG_WARN_UNGUARDED_AVAILABILITY = YES_AGGRESSIVE;
				CLANG_WARN_UNREACHABLE_CODE = YES;
				CLANG_WARN__DUPLICATE_METHOD_MATCH = YES;
				COPY_PHASE_STRIP = NO;
				DEBUG_INFORMATION_FORMAT = dwarf;
				ENABLE_STRICT_OBJC_MSGSEND = YES;
				ENABLE_TESTABILITY = YES;
				GCC_C_LANGUAGE_STANDARD = gnu11;
				GCC_DYNAMIC_NO_PIC = NO;
				GCC_NO_COMMON_BLOCKS = YES;
				GCC_OPTIMIZATION_LEVEL = 0;
				GCC_PREPROCESSOR_DEFINITIONS = (
					"DEBUG=1",
					"$(inherited)",
				);
				GCC_WARN_64_TO_32_BIT_CONVERSION = YES;
				GCC_WARN_ABOUT_RETURN_TYPE = YES_ERROR;
				GCC_WARN_UNDECLARED_SELECTOR = YES;
				GCC_WARN_UNINITIALIZED_AUTOS = YES_AGGRESSIVE;
				GCC_WARN_UNUSED_FUNCTION = YES;
				GCC_WARN_UNUSED_VARIABLE = YES;
				IPHONEOS_DEPLOYMENT_TARGET = 13.6;
				MTL_ENABLE_DEBUG_INFO = INCLUDE_SOURCE;
				MTL_FAST_MATH = YES;
				ONLY_ACTIVE_ARCH = YES;
				SDKROOT = iphoneos;
				SWIFT_ACTIVE_COMPILATION_CONDITIONS = DEBUG;
				SWIFT_OPTIMIZATION_LEVEL = "-Onone";
			};
			name = Debug;
		};
		1E2E1035255843B6000C6EF3 /* Release */ = {
			isa = XCBuildConfiguration;
			buildSettings = {
				ALWAYS_SEARCH_USER_PATHS = NO;
				CLANG_ANALYZER_NONNULL = YES;
				CLANG_ANALYZER_NUMBER_OBJECT_CONVERSION = YES_AGGRESSIVE;
				CLANG_CXX_LANGUAGE_STANDARD = "gnu++14";
				CLANG_CXX_LIBRARY = "libc++";
				CLANG_ENABLE_MODULES = YES;
				CLANG_ENABLE_OBJC_ARC = YES;
				CLANG_ENABLE_OBJC_WEAK = YES;
				CLANG_WARN_BLOCK_CAPTURE_AUTORELEASING = YES;
				CLANG_WARN_BOOL_CONVERSION = YES;
				CLANG_WARN_COMMA = YES;
				CLANG_WARN_CONSTANT_CONVERSION = YES;
				CLANG_WARN_DEPRECATED_OBJC_IMPLEMENTATIONS = YES;
				CLANG_WARN_DIRECT_OBJC_ISA_USAGE = YES_ERROR;
				CLANG_WARN_DOCUMENTATION_COMMENTS = YES;
				CLANG_WARN_EMPTY_BODY = YES;
				CLANG_WARN_ENUM_CONVERSION = YES;
				CLANG_WARN_INFINITE_RECURSION = YES;
				CLANG_WARN_INT_CONVERSION = YES;
				CLANG_WARN_NON_LITERAL_NULL_CONVERSION = YES;
				CLANG_WARN_OBJC_IMPLICIT_RETAIN_SELF = YES;
				CLANG_WARN_OBJC_LITERAL_CONVERSION = YES;
				CLANG_WARN_OBJC_ROOT_CLASS = YES_ERROR;
				CLANG_WARN_RANGE_LOOP_ANALYSIS = YES;
				CLANG_WARN_STRICT_PROTOTYPES = YES;
				CLANG_WARN_SUSPICIOUS_MOVE = YES;
				CLANG_WARN_UNGUARDED_AVAILABILITY = YES_AGGRESSIVE;
				CLANG_WARN_UNREACHABLE_CODE = YES;
				CLANG_WARN__DUPLICATE_METHOD_MATCH = YES;
				COPY_PHASE_STRIP = NO;
				DEBUG_INFORMATION_FORMAT = "dwarf-with-dsym";
				ENABLE_NS_ASSERTIONS = NO;
				ENABLE_STRICT_OBJC_MSGSEND = YES;
				GCC_C_LANGUAGE_STANDARD = gnu11;
				GCC_NO_COMMON_BLOCKS = YES;
				GCC_WARN_64_TO_32_BIT_CONVERSION = YES;
				GCC_WARN_ABOUT_RETURN_TYPE = YES_ERROR;
				GCC_WARN_UNDECLARED_SELECTOR = YES;
				GCC_WARN_UNINITIALIZED_AUTOS = YES_AGGRESSIVE;
				GCC_WARN_UNUSED_FUNCTION = YES;
				GCC_WARN_UNUSED_VARIABLE = YES;
				IPHONEOS_DEPLOYMENT_TARGET = 13.6;
				MTL_ENABLE_DEBUG_INFO = NO;
				MTL_FAST_MATH = YES;
				SDKROOT = iphoneos;
				SWIFT_COMPILATION_MODE = wholemodule;
				SWIFT_OPTIMIZATION_LEVEL = "-O";
				VALIDATE_PRODUCT = YES;
			};
			name = Release;
		};
		1E2E1037255843B6000C6EF3 /* Debug */ = {
			isa = XCBuildConfiguration;
			buildSettings = {
				ASSETCATALOG_COMPILER_APPICON_NAME = AppIcon;
				CODE_SIGN_STYLE = Automatic;
				DEVELOPMENT_ASSET_PATHS = "\"SwiftUIApp/Preview Content\"";
				DEVELOPMENT_TEAM = A92M6XXWDU;
				ENABLE_PREVIEWS = YES;
				INFOPLIST_FILE = SwiftUIApp/Info.plist;
				LD_RUNPATH_SEARCH_PATHS = (
					"$(inherited)",
					"@executable_path/Frameworks",
				);
				PRODUCT_BUNDLE_IDENTIFIER = ru.aidinabdurakhmanov.SwiftUIApp;
				PRODUCT_NAME = "$(TARGET_NAME)";
				SWIFT_VERSION = 5.0;
				TARGETED_DEVICE_FAMILY = "1,2";
			};
			name = Debug;
		};
		1E2E1038255843B6000C6EF3 /* Release */ = {
			isa = XCBuildConfiguration;
			buildSettings = {
				ASSETCATALOG_COMPILER_APPICON_NAME = AppIcon;
				CODE_SIGN_STYLE = Automatic;
				DEVELOPMENT_ASSET_PATHS = "\"SwiftUIApp/Preview Content\"";
				DEVELOPMENT_TEAM = A92M6XXWDU;
				ENABLE_PREVIEWS = YES;
				INFOPLIST_FILE = SwiftUIApp/Info.plist;
				LD_RUNPATH_SEARCH_PATHS = (
					"$(inherited)",
					"@executable_path/Frameworks",
				);
				PRODUCT_BUNDLE_IDENTIFIER = ru.aidinabdurakhmanov.SwiftUIApp;
				PRODUCT_NAME = "$(TARGET_NAME)";
				SWIFT_VERSION = 5.0;
				TARGETED_DEVICE_FAMILY = "1,2";
			};
			name = Release;
		};
/* End XCBuildConfiguration section */

/* Begin XCConfigurationList section */
		1E2E101D255843AF000C6EF3 /* Build configuration list for PBXProject "SwiftUIApp" */ = {
			isa = XCConfigurationList;
			buildConfigurations = (
				1E2E1034255843B6000C6EF3 /* Debug */,
				1E2E1035255843B6000C6EF3 /* Release */,
			);
			defaultConfigurationIsVisible = 0;
			defaultConfigurationName = Release;
		};
		1E2E1036255843B6000C6EF3 /* Build configuration list for PBXNativeTarget "SwiftUIApp" */ = {
			isa = XCConfigurationList;
			buildConfigurations = (
				1E2E1037255843B6000C6EF3 /* Debug */,
				1E2E1038255843B6000C6EF3 /* Release */,
			);
			defaultConfigurationIsVisible = 0;
			defaultConfigurationName = Release;
		};
/* End XCConfigurationList section */

/* Begin XCRemoteSwiftPackageReference section */
		1EBD9703255937150046BB78 /* XCRemoteSwiftPackageReference "BetterSheet" */ = {
			isa = XCRemoteSwiftPackageReference;
			repositoryURL = "https://github.com/egeniq/BetterSheet";
			requirement = {
				kind = upToNextMajorVersion;
				minimumVersion = 1.0.0;
			};
		};
/* End XCRemoteSwiftPackageReference section */

/* Begin XCSwiftPackageProductDependency section */
		1EBD9704255937150046BB78 /* BetterSheet */ = {
			isa = XCSwiftPackageProductDependency;
			package = 1EBD9703255937150046BB78 /* XCRemoteSwiftPackageReference "BetterSheet" */;
			productName = BetterSheet;
		};
/* End XCSwiftPackageProductDependency section */
	};
	rootObject = 1E2E101A255843AF000C6EF3 /* Project object */;
}
